// !$*UTF8*$!
{
	archiveVersion = 1;
	classes = {
	};
	objectVersion = 46;
	objects = {

/* Begin PBXAggregateTarget section */
		24416B8111C4CA220047AFDD /* Build & Test */ = {
			isa = PBXAggregateTarget;
			buildConfigurationList = 24416B8A11C4CA520047AFDD /* Build configuration list for PBXAggregateTarget "Build & Test" */;
			buildPhases = (
				24416B8011C4CA220047AFDD /* ShellScript */,
			);
			dependencies = (
				24416B8511C4CA280047AFDD /* PBXTargetDependency */,
			);
			name = "Build & Test";
			productName = "Build & test";
		};
/* End PBXAggregateTarget section */

/* Begin PBXBuildFile section */
		17E5B6EA1E4E2048009C0D3C /* CAAnimationGroup+LOTAnimatableGroup.h in Headers */ = {isa = PBXBuildFile; fileRef = 17E5B6A61E4E2048009C0D3C /* CAAnimationGroup+LOTAnimatableGroup.h */; };
		17E5B6EB1E4E2048009C0D3C /* CAAnimationGroup+LOTAnimatableGroup.m in Sources */ = {isa = PBXBuildFile; fileRef = 17E5B6A71E4E2048009C0D3C /* CAAnimationGroup+LOTAnimatableGroup.m */; };
		17E5B6EC1E4E2048009C0D3C /* CGGeometryAdditions.h in Headers */ = {isa = PBXBuildFile; fileRef = 17E5B6A81E4E2048009C0D3C /* CGGeometryAdditions.h */; };
		17E5B6ED1E4E2048009C0D3C /* CGGeometryAdditions.m in Sources */ = {isa = PBXBuildFile; fileRef = 17E5B6A91E4E2048009C0D3C /* CGGeometryAdditions.m */; };
		17E5B6EE1E4E2048009C0D3C /* LOTAnimatableBoundsValue.h in Headers */ = {isa = PBXBuildFile; fileRef = 17E5B6AA1E4E2048009C0D3C /* LOTAnimatableBoundsValue.h */; };
		17E5B6EF1E4E2048009C0D3C /* LOTAnimatableBoundsValue.m in Sources */ = {isa = PBXBuildFile; fileRef = 17E5B6AB1E4E2048009C0D3C /* LOTAnimatableBoundsValue.m */; };
		17E5B6F01E4E2048009C0D3C /* LOTAnimatableColorValue.h in Headers */ = {isa = PBXBuildFile; fileRef = 17E5B6AC1E4E2048009C0D3C /* LOTAnimatableColorValue.h */; };
		17E5B6F11E4E2048009C0D3C /* LOTAnimatableColorValue.m in Sources */ = {isa = PBXBuildFile; fileRef = 17E5B6AD1E4E2048009C0D3C /* LOTAnimatableColorValue.m */; };
		17E5B6F21E4E2048009C0D3C /* LOTAnimatableLayer.h in Headers */ = {isa = PBXBuildFile; fileRef = 17E5B6AE1E4E2048009C0D3C /* LOTAnimatableLayer.h */; };
		17E5B6F31E4E2048009C0D3C /* LOTAnimatableLayer.m in Sources */ = {isa = PBXBuildFile; fileRef = 17E5B6AF1E4E2048009C0D3C /* LOTAnimatableLayer.m */; };
		17E5B6F41E4E2048009C0D3C /* LOTAnimatableNumberValue.h in Headers */ = {isa = PBXBuildFile; fileRef = 17E5B6B01E4E2048009C0D3C /* LOTAnimatableNumberValue.h */; };
		17E5B6F51E4E2048009C0D3C /* LOTAnimatableNumberValue.m in Sources */ = {isa = PBXBuildFile; fileRef = 17E5B6B11E4E2048009C0D3C /* LOTAnimatableNumberValue.m */; };
		17E5B6F61E4E2048009C0D3C /* LOTAnimatablePointValue.h in Headers */ = {isa = PBXBuildFile; fileRef = 17E5B6B21E4E2048009C0D3C /* LOTAnimatablePointValue.h */; };
		17E5B6F71E4E2048009C0D3C /* LOTAnimatablePointValue.m in Sources */ = {isa = PBXBuildFile; fileRef = 17E5B6B31E4E2048009C0D3C /* LOTAnimatablePointValue.m */; };
		17E5B6F81E4E2048009C0D3C /* LOTAnimatableScaleValue.h in Headers */ = {isa = PBXBuildFile; fileRef = 17E5B6B41E4E2048009C0D3C /* LOTAnimatableScaleValue.h */; };
		17E5B6F91E4E2048009C0D3C /* LOTAnimatableScaleValue.m in Sources */ = {isa = PBXBuildFile; fileRef = 17E5B6B51E4E2048009C0D3C /* LOTAnimatableScaleValue.m */; };
		17E5B6FA1E4E2048009C0D3C /* LOTAnimatableShapeValue.h in Headers */ = {isa = PBXBuildFile; fileRef = 17E5B6B61E4E2048009C0D3C /* LOTAnimatableShapeValue.h */; };
		17E5B6FB1E4E2048009C0D3C /* LOTAnimatableShapeValue.m in Sources */ = {isa = PBXBuildFile; fileRef = 17E5B6B71E4E2048009C0D3C /* LOTAnimatableShapeValue.m */; };
		17E5B6FC1E4E2048009C0D3C /* LOTAnimatableValue.h in Headers */ = {isa = PBXBuildFile; fileRef = 17E5B6B81E4E2048009C0D3C /* LOTAnimatableValue.h */; };
		17E5B6FD1E4E2048009C0D3C /* LOTAnimationCache.h in Headers */ = {isa = PBXBuildFile; fileRef = 17E5B6B91E4E2048009C0D3C /* LOTAnimationCache.h */; };
		17E5B6FE1E4E2048009C0D3C /* LOTAnimationCache.m in Sources */ = {isa = PBXBuildFile; fileRef = 17E5B6BA1E4E2048009C0D3C /* LOTAnimationCache.m */; };
		17E5B6FF1E4E2048009C0D3C /* LOTAnimationTransitionController.h in Headers */ = {isa = PBXBuildFile; fileRef = 17E5B6BB1E4E2048009C0D3C /* LOTAnimationTransitionController.h */; };
		17E5B7001E4E2048009C0D3C /* LOTAnimationTransitionController.m in Sources */ = {isa = PBXBuildFile; fileRef = 17E5B6BC1E4E2048009C0D3C /* LOTAnimationTransitionController.m */; };
		17E5B7011E4E2048009C0D3C /* LOTAnimationView_Compat.h in Headers */ = {isa = PBXBuildFile; fileRef = 17E5B6BD1E4E2048009C0D3C /* LOTAnimationView_Compat.h */; };
		17E5B7021E4E2048009C0D3C /* LOTAnimationView_Internal.h in Headers */ = {isa = PBXBuildFile; fileRef = 17E5B6BE1E4E2048009C0D3C /* LOTAnimationView_Internal.h */; };
		17E5B7031E4E2048009C0D3C /* LOTAnimationView.h in Headers */ = {isa = PBXBuildFile; fileRef = 17E5B6BF1E4E2048009C0D3C /* LOTAnimationView.h */; };
		17E5B7041E4E2048009C0D3C /* LOTAnimationView.m in Sources */ = {isa = PBXBuildFile; fileRef = 17E5B6C01E4E2048009C0D3C /* LOTAnimationView.m */; };
		17E5B7051E4E2048009C0D3C /* LOTComposition.h in Headers */ = {isa = PBXBuildFile; fileRef = 17E5B6C11E4E2048009C0D3C /* LOTComposition.h */; };
		17E5B7061E4E2048009C0D3C /* LOTComposition.m in Sources */ = {isa = PBXBuildFile; fileRef = 17E5B6C21E4E2048009C0D3C /* LOTComposition.m */; };
		17E5B7071E4E2048009C0D3C /* LOTEllipseShapeLayer.h in Headers */ = {isa = PBXBuildFile; fileRef = 17E5B6C31E4E2048009C0D3C /* LOTEllipseShapeLayer.h */; };
		17E5B7081E4E2048009C0D3C /* LOTEllipseShapeLayer.m in Sources */ = {isa = PBXBuildFile; fileRef = 17E5B6C41E4E2048009C0D3C /* LOTEllipseShapeLayer.m */; };
		17E5B7091E4E2048009C0D3C /* LOTGroupLayerView.h in Headers */ = {isa = PBXBuildFile; fileRef = 17E5B6C51E4E2048009C0D3C /* LOTGroupLayerView.h */; };
		17E5B70A1E4E2048009C0D3C /* LOTGroupLayerView.m in Sources */ = {isa = PBXBuildFile; fileRef = 17E5B6C61E4E2048009C0D3C /* LOTGroupLayerView.m */; };
		17E5B70B1E4E2048009C0D3C /* LOTHelpers.h in Headers */ = {isa = PBXBuildFile; fileRef = 17E5B6C71E4E2048009C0D3C /* LOTHelpers.h */; };
		17E5B70C1E4E2048009C0D3C /* LOTLayer.h in Headers */ = {isa = PBXBuildFile; fileRef = 17E5B6C81E4E2048009C0D3C /* LOTLayer.h */; };
		17E5B70D1E4E2048009C0D3C /* LOTLayer.m in Sources */ = {isa = PBXBuildFile; fileRef = 17E5B6C91E4E2048009C0D3C /* LOTLayer.m */; };
		17E5B70E1E4E2048009C0D3C /* LOTLayerView.h in Headers */ = {isa = PBXBuildFile; fileRef = 17E5B6CA1E4E2048009C0D3C /* LOTLayerView.h */; };
		17E5B70F1E4E2048009C0D3C /* LOTLayerView.m in Sources */ = {isa = PBXBuildFile; fileRef = 17E5B6CB1E4E2048009C0D3C /* LOTLayerView.m */; };
		17E5B7101E4E2048009C0D3C /* LOTMask.h in Headers */ = {isa = PBXBuildFile; fileRef = 17E5B6CC1E4E2048009C0D3C /* LOTMask.h */; };
		17E5B7111E4E2048009C0D3C /* LOTMask.m in Sources */ = {isa = PBXBuildFile; fileRef = 17E5B6CD1E4E2048009C0D3C /* LOTMask.m */; };
		17E5B7121E4E2048009C0D3C /* LOTMaskLayer.h in Headers */ = {isa = PBXBuildFile; fileRef = 17E5B6CE1E4E2048009C0D3C /* LOTMaskLayer.h */; };
		17E5B7131E4E2048009C0D3C /* LOTMaskLayer.m in Sources */ = {isa = PBXBuildFile; fileRef = 17E5B6CF1E4E2048009C0D3C /* LOTMaskLayer.m */; };
		17E5B7141E4E2048009C0D3C /* LOTModels.h in Headers */ = {isa = PBXBuildFile; fileRef = 17E5B6D01E4E2048009C0D3C /* LOTModels.h */; };
		17E5B7151E4E2048009C0D3C /* LOTRectShapeLayer.h in Headers */ = {isa = PBXBuildFile; fileRef = 17E5B6D11E4E2048009C0D3C /* LOTRectShapeLayer.h */; };
		17E5B7161E4E2048009C0D3C /* LOTRectShapeLayer.m in Sources */ = {isa = PBXBuildFile; fileRef = 17E5B6D21E4E2048009C0D3C /* LOTRectShapeLayer.m */; };
		17E5B7171E4E2048009C0D3C /* LOTShapeCircle.h in Headers */ = {isa = PBXBuildFile; fileRef = 17E5B6D31E4E2048009C0D3C /* LOTShapeCircle.h */; };
		17E5B7181E4E2048009C0D3C /* LOTShapeCircle.m in Sources */ = {isa = PBXBuildFile; fileRef = 17E5B6D41E4E2048009C0D3C /* LOTShapeCircle.m */; };
		17E5B7191E4E2048009C0D3C /* LOTShapeFill.h in Headers */ = {isa = PBXBuildFile; fileRef = 17E5B6D51E4E2048009C0D3C /* LOTShapeFill.h */; };
		17E5B71A1E4E2048009C0D3C /* LOTShapeFill.m in Sources */ = {isa = PBXBuildFile; fileRef = 17E5B6D61E4E2048009C0D3C /* LOTShapeFill.m */; };
		17E5B71B1E4E2048009C0D3C /* LOTShapeGroup.h in Headers */ = {isa = PBXBuildFile; fileRef = 17E5B6D71E4E2048009C0D3C /* LOTShapeGroup.h */; };
		17E5B71C1E4E2048009C0D3C /* LOTShapeGroup.m in Sources */ = {isa = PBXBuildFile; fileRef = 17E5B6D81E4E2048009C0D3C /* LOTShapeGroup.m */; };
		17E5B71D1E4E2048009C0D3C /* LOTShapeLayerView.h in Headers */ = {isa = PBXBuildFile; fileRef = 17E5B6D91E4E2048009C0D3C /* LOTShapeLayerView.h */; };
		17E5B71E1E4E2048009C0D3C /* LOTShapeLayerView.m in Sources */ = {isa = PBXBuildFile; fileRef = 17E5B6DA1E4E2048009C0D3C /* LOTShapeLayerView.m */; };
		17E5B71F1E4E2048009C0D3C /* LOTShapePath.h in Headers */ = {isa = PBXBuildFile; fileRef = 17E5B6DB1E4E2048009C0D3C /* LOTShapePath.h */; };
		17E5B7201E4E2048009C0D3C /* LOTShapePath.m in Sources */ = {isa = PBXBuildFile; fileRef = 17E5B6DC1E4E2048009C0D3C /* LOTShapePath.m */; };
		17E5B7211E4E2048009C0D3C /* LOTShapeRectangle.h in Headers */ = {isa = PBXBuildFile; fileRef = 17E5B6DD1E4E2048009C0D3C /* LOTShapeRectangle.h */; };
		17E5B7221E4E2048009C0D3C /* LOTShapeRectangle.m in Sources */ = {isa = PBXBuildFile; fileRef = 17E5B6DE1E4E2048009C0D3C /* LOTShapeRectangle.m */; };
		17E5B7231E4E2048009C0D3C /* LOTShapeStroke.h in Headers */ = {isa = PBXBuildFile; fileRef = 17E5B6DF1E4E2048009C0D3C /* LOTShapeStroke.h */; };
		17E5B7241E4E2048009C0D3C /* LOTShapeStroke.m in Sources */ = {isa = PBXBuildFile; fileRef = 17E5B6E01E4E2048009C0D3C /* LOTShapeStroke.m */; };
		17E5B7251E4E2048009C0D3C /* LOTShapeTransform.h in Headers */ = {isa = PBXBuildFile; fileRef = 17E5B6E11E4E2048009C0D3C /* LOTShapeTransform.h */; };
		17E5B7261E4E2048009C0D3C /* LOTShapeTransform.m in Sources */ = {isa = PBXBuildFile; fileRef = 17E5B6E21E4E2048009C0D3C /* LOTShapeTransform.m */; };
		17E5B7271E4E2048009C0D3C /* LOTShapeTrimPath.h in Headers */ = {isa = PBXBuildFile; fileRef = 17E5B6E31E4E2048009C0D3C /* LOTShapeTrimPath.h */; };
		17E5B7281E4E2048009C0D3C /* LOTShapeTrimPath.m in Sources */ = {isa = PBXBuildFile; fileRef = 17E5B6E41E4E2048009C0D3C /* LOTShapeTrimPath.m */; };
		17E5B7291E4E2048009C0D3C /* LOTStrokeShapeLayer.h in Headers */ = {isa = PBXBuildFile; fileRef = 17E5B6E51E4E2048009C0D3C /* LOTStrokeShapeLayer.h */; };
		17E5B72A1E4E2048009C0D3C /* LOTStrokeShapeLayer.m in Sources */ = {isa = PBXBuildFile; fileRef = 17E5B6E61E4E2048009C0D3C /* LOTStrokeShapeLayer.m */; };
		17E5B72B1E4E2048009C0D3C /* Lottie.h in Headers */ = {isa = PBXBuildFile; fileRef = 17E5B6E71E4E2048009C0D3C /* Lottie.h */; };
		17E5B72C1E4E2049009C0D3C /* UIColor+Expanded.h in Headers */ = {isa = PBXBuildFile; fileRef = 17E5B6E81E4E2048009C0D3C /* UIColor+Expanded.h */; };
		17E5B72D1E4E2049009C0D3C /* UIColor+Expanded.m in Sources */ = {isa = PBXBuildFile; fileRef = 17E5B6E91E4E2048009C0D3C /* UIColor+Expanded.m */; };
		17E5B7391E4E219B009C0D3C /* CADisplayLink.h in Headers */ = {isa = PBXBuildFile; fileRef = 17E5B72E1E4E219B009C0D3C /* CADisplayLink.h */; };
		17E5B73A1E4E219B009C0D3C /* CADisplayLink.m in Sources */ = {isa = PBXBuildFile; fileRef = 17E5B72F1E4E219B009C0D3C /* CADisplayLink.m */; };
		17E5B73B1E4E219B009C0D3C /* CALayer+Compat.h in Headers */ = {isa = PBXBuildFile; fileRef = 17E5B7301E4E219B009C0D3C /* CALayer+Compat.h */; };
		17E5B73C1E4E219B009C0D3C /* CALayer+Compat.m in Sources */ = {isa = PBXBuildFile; fileRef = 17E5B7311E4E219B009C0D3C /* CALayer+Compat.m */; };
		17E5B73D1E4E219B009C0D3C /* LOTPlatformCompat.h in Headers */ = {isa = PBXBuildFile; fileRef = 17E5B7321E4E219B009C0D3C /* LOTPlatformCompat.h */; };
		17E5B73E1E4E219B009C0D3C /* NSValue+Compat.h in Headers */ = {isa = PBXBuildFile; fileRef = 17E5B7331E4E219B009C0D3C /* NSValue+Compat.h */; };
		17E5B73F1E4E219B009C0D3C /* NSValue+Compat.m in Sources */ = {isa = PBXBuildFile; fileRef = 17E5B7341E4E219B009C0D3C /* NSValue+Compat.m */; };
		17E5B7401E4E219B009C0D3C /* UIBezierPath.h in Headers */ = {isa = PBXBuildFile; fileRef = 17E5B7351E4E219B009C0D3C /* UIBezierPath.h */; };
		17E5B7411E4E219B009C0D3C /* UIBezierPath.m in Sources */ = {isa = PBXBuildFile; fileRef = 17E5B7361E4E219B009C0D3C /* UIBezierPath.m */; };
		17E5B7421E4E219B009C0D3C /* UIColor.h in Headers */ = {isa = PBXBuildFile; fileRef = 17E5B7371E4E219B009C0D3C /* UIColor.h */; };
		17E5B7431E4E219B009C0D3C /* UIColor.m in Sources */ = {isa = PBXBuildFile; fileRef = 17E5B7381E4E219B009C0D3C /* UIColor.m */; };
		24DD6CF91134B3F500162E58 /* TiLottieModule.h in Headers */ = {isa = PBXBuildFile; fileRef = 24DD6CF71134B3F500162E58 /* TiLottieModule.h */; };
		24DD6CFA1134B3F500162E58 /* TiLottieModule.m in Sources */ = {isa = PBXBuildFile; fileRef = 24DD6CF81134B3F500162E58 /* TiLottieModule.m */; };
		24DE9E1111C5FE74003F90F6 /* TiLottieModuleAssets.h in Headers */ = {isa = PBXBuildFile; fileRef = 24DE9E0F11C5FE74003F90F6 /* TiLottieModuleAssets.h */; };
		24DE9E1211C5FE74003F90F6 /* TiLottieModuleAssets.m in Sources */ = {isa = PBXBuildFile; fileRef = 24DE9E1011C5FE74003F90F6 /* TiLottieModuleAssets.m */; };
		AA747D9F0F9514B9006C5449 /* TiLottie_Prefix.pch in Headers */ = {isa = PBXBuildFile; fileRef = AA747D9E0F9514B9006C5449 /* TiLottie_Prefix.pch */; };
		AACBBE4A0F95108600F1A2B1 /* Foundation.framework in Frameworks */ = {isa = PBXBuildFile; fileRef = AACBBE490F95108600F1A2B1 /* Foundation.framework */; };
		DBFA500A1E42A52A004DA6E3 /* TiLottieVectorView.h in Headers */ = {isa = PBXBuildFile; fileRef = DBFA50081E42A52A004DA6E3 /* TiLottieVectorView.h */; };
		DBFA500B1E42A52A004DA6E3 /* TiLottieVectorView.m in Sources */ = {isa = PBXBuildFile; fileRef = DBFA50091E42A52A004DA6E3 /* TiLottieVectorView.m */; };
		DBFA500E1E42A53B004DA6E3 /* TiLottieVectorViewProxy.h in Headers */ = {isa = PBXBuildFile; fileRef = DBFA500C1E42A53B004DA6E3 /* TiLottieVectorViewProxy.h */; };
		DBFA500F1E42A53B004DA6E3 /* TiLottieVectorViewProxy.m in Sources */ = {isa = PBXBuildFile; fileRef = DBFA500D1E42A53B004DA6E3 /* TiLottieVectorViewProxy.m */; };
/* End PBXBuildFile section */

/* Begin PBXContainerItemProxy section */
		24416B8411C4CA280047AFDD /* PBXContainerItemProxy */ = {
			isa = PBXContainerItemProxy;
			containerPortal = 0867D690FE84028FC02AAC07 /* Project object */;
			proxyType = 1;
			remoteGlobalIDString = D2AAC07D0554694100DB518D;
			remoteInfo = ti.lottie;
		};
/* End PBXContainerItemProxy section */

/* Begin PBXFileReference section */
		17E5B6A61E4E2048009C0D3C /* CAAnimationGroup+LOTAnimatableGroup.h */ = {isa = PBXFileReference; fileEncoding = 4; lastKnownFileType = sourcecode.c.h; path = "CAAnimationGroup+LOTAnimatableGroup.h"; sourceTree = "<group>"; };
		17E5B6A71E4E2048009C0D3C /* CAAnimationGroup+LOTAnimatableGroup.m */ = {isa = PBXFileReference; fileEncoding = 4; lastKnownFileType = sourcecode.c.objc; path = "CAAnimationGroup+LOTAnimatableGroup.m"; sourceTree = "<group>"; };
		17E5B6A81E4E2048009C0D3C /* CGGeometryAdditions.h */ = {isa = PBXFileReference; fileEncoding = 4; lastKnownFileType = sourcecode.c.h; path = CGGeometryAdditions.h; sourceTree = "<group>"; };
		17E5B6A91E4E2048009C0D3C /* CGGeometryAdditions.m */ = {isa = PBXFileReference; fileEncoding = 4; lastKnownFileType = sourcecode.c.objc; path = CGGeometryAdditions.m; sourceTree = "<group>"; };
		17E5B6AA1E4E2048009C0D3C /* LOTAnimatableBoundsValue.h */ = {isa = PBXFileReference; fileEncoding = 4; lastKnownFileType = sourcecode.c.h; path = LOTAnimatableBoundsValue.h; sourceTree = "<group>"; };
		17E5B6AB1E4E2048009C0D3C /* LOTAnimatableBoundsValue.m */ = {isa = PBXFileReference; fileEncoding = 4; lastKnownFileType = sourcecode.c.objc; path = LOTAnimatableBoundsValue.m; sourceTree = "<group>"; };
		17E5B6AC1E4E2048009C0D3C /* LOTAnimatableColorValue.h */ = {isa = PBXFileReference; fileEncoding = 4; lastKnownFileType = sourcecode.c.h; path = LOTAnimatableColorValue.h; sourceTree = "<group>"; };
		17E5B6AD1E4E2048009C0D3C /* LOTAnimatableColorValue.m */ = {isa = PBXFileReference; fileEncoding = 4; lastKnownFileType = sourcecode.c.objc; path = LOTAnimatableColorValue.m; sourceTree = "<group>"; };
		17E5B6AE1E4E2048009C0D3C /* LOTAnimatableLayer.h */ = {isa = PBXFileReference; fileEncoding = 4; lastKnownFileType = sourcecode.c.h; path = LOTAnimatableLayer.h; sourceTree = "<group>"; };
		17E5B6AF1E4E2048009C0D3C /* LOTAnimatableLayer.m */ = {isa = PBXFileReference; fileEncoding = 4; lastKnownFileType = sourcecode.c.objc; path = LOTAnimatableLayer.m; sourceTree = "<group>"; };
		17E5B6B01E4E2048009C0D3C /* LOTAnimatableNumberValue.h */ = {isa = PBXFileReference; fileEncoding = 4; lastKnownFileType = sourcecode.c.h; path = LOTAnimatableNumberValue.h; sourceTree = "<group>"; };
		17E5B6B11E4E2048009C0D3C /* LOTAnimatableNumberValue.m */ = {isa = PBXFileReference; fileEncoding = 4; lastKnownFileType = sourcecode.c.objc; path = LOTAnimatableNumberValue.m; sourceTree = "<group>"; };
		17E5B6B21E4E2048009C0D3C /* LOTAnimatablePointValue.h */ = {isa = PBXFileReference; fileEncoding = 4; lastKnownFileType = sourcecode.c.h; path = LOTAnimatablePointValue.h; sourceTree = "<group>"; };
		17E5B6B31E4E2048009C0D3C /* LOTAnimatablePointValue.m */ = {isa = PBXFileReference; fileEncoding = 4; lastKnownFileType = sourcecode.c.objc; path = LOTAnimatablePointValue.m; sourceTree = "<group>"; };
		17E5B6B41E4E2048009C0D3C /* LOTAnimatableScaleValue.h */ = {isa = PBXFileReference; fileEncoding = 4; lastKnownFileType = sourcecode.c.h; path = LOTAnimatableScaleValue.h; sourceTree = "<group>"; };
		17E5B6B51E4E2048009C0D3C /* LOTAnimatableScaleValue.m */ = {isa = PBXFileReference; fileEncoding = 4; lastKnownFileType = sourcecode.c.objc; path = LOTAnimatableScaleValue.m; sourceTree = "<group>"; };
		17E5B6B61E4E2048009C0D3C /* LOTAnimatableShapeValue.h */ = {isa = PBXFileReference; fileEncoding = 4; lastKnownFileType = sourcecode.c.h; path = LOTAnimatableShapeValue.h; sourceTree = "<group>"; };
		17E5B6B71E4E2048009C0D3C /* LOTAnimatableShapeValue.m */ = {isa = PBXFileReference; fileEncoding = 4; lastKnownFileType = sourcecode.c.objc; path = LOTAnimatableShapeValue.m; sourceTree = "<group>"; };
		17E5B6B81E4E2048009C0D3C /* LOTAnimatableValue.h */ = {isa = PBXFileReference; fileEncoding = 4; lastKnownFileType = sourcecode.c.h; path = LOTAnimatableValue.h; sourceTree = "<group>"; };
		17E5B6B91E4E2048009C0D3C /* LOTAnimationCache.h */ = {isa = PBXFileReference; fileEncoding = 4; lastKnownFileType = sourcecode.c.h; path = LOTAnimationCache.h; sourceTree = "<group>"; };
		17E5B6BA1E4E2048009C0D3C /* LOTAnimationCache.m */ = {isa = PBXFileReference; fileEncoding = 4; lastKnownFileType = sourcecode.c.objc; path = LOTAnimationCache.m; sourceTree = "<group>"; };
		17E5B6BB1E4E2048009C0D3C /* LOTAnimationTransitionController.h */ = {isa = PBXFileReference; fileEncoding = 4; lastKnownFileType = sourcecode.c.h; path = LOTAnimationTransitionController.h; sourceTree = "<group>"; };
		17E5B6BC1E4E2048009C0D3C /* LOTAnimationTransitionController.m */ = {isa = PBXFileReference; fileEncoding = 4; lastKnownFileType = sourcecode.c.objc; path = LOTAnimationTransitionController.m; sourceTree = "<group>"; };
		17E5B6BD1E4E2048009C0D3C /* LOTAnimationView_Compat.h */ = {isa = PBXFileReference; fileEncoding = 4; lastKnownFileType = sourcecode.c.h; path = LOTAnimationView_Compat.h; sourceTree = "<group>"; };
		17E5B6BE1E4E2048009C0D3C /* LOTAnimationView_Internal.h */ = {isa = PBXFileReference; fileEncoding = 4; lastKnownFileType = sourcecode.c.h; path = LOTAnimationView_Internal.h; sourceTree = "<group>"; };
		17E5B6BF1E4E2048009C0D3C /* LOTAnimationView.h */ = {isa = PBXFileReference; fileEncoding = 4; lastKnownFileType = sourcecode.c.h; path = LOTAnimationView.h; sourceTree = "<group>"; };
		17E5B6C01E4E2048009C0D3C /* LOTAnimationView.m */ = {isa = PBXFileReference; fileEncoding = 4; lastKnownFileType = sourcecode.c.objc; path = LOTAnimationView.m; sourceTree = "<group>"; };
		17E5B6C11E4E2048009C0D3C /* LOTComposition.h */ = {isa = PBXFileReference; fileEncoding = 4; lastKnownFileType = sourcecode.c.h; path = LOTComposition.h; sourceTree = "<group>"; };
		17E5B6C21E4E2048009C0D3C /* LOTComposition.m */ = {isa = PBXFileReference; fileEncoding = 4; lastKnownFileType = sourcecode.c.objc; path = LOTComposition.m; sourceTree = "<group>"; };
		17E5B6C31E4E2048009C0D3C /* LOTEllipseShapeLayer.h */ = {isa = PBXFileReference; fileEncoding = 4; lastKnownFileType = sourcecode.c.h; path = LOTEllipseShapeLayer.h; sourceTree = "<group>"; };
		17E5B6C41E4E2048009C0D3C /* LOTEllipseShapeLayer.m */ = {isa = PBXFileReference; fileEncoding = 4; lastKnownFileType = sourcecode.c.objc; path = LOTEllipseShapeLayer.m; sourceTree = "<group>"; };
		17E5B6C51E4E2048009C0D3C /* LOTGroupLayerView.h */ = {isa = PBXFileReference; fileEncoding = 4; lastKnownFileType = sourcecode.c.h; path = LOTGroupLayerView.h; sourceTree = "<group>"; };
		17E5B6C61E4E2048009C0D3C /* LOTGroupLayerView.m */ = {isa = PBXFileReference; fileEncoding = 4; lastKnownFileType = sourcecode.c.objc; path = LOTGroupLayerView.m; sourceTree = "<group>"; };
		17E5B6C71E4E2048009C0D3C /* LOTHelpers.h */ = {isa = PBXFileReference; fileEncoding = 4; lastKnownFileType = sourcecode.c.h; path = LOTHelpers.h; sourceTree = "<group>"; };
		17E5B6C81E4E2048009C0D3C /* LOTLayer.h */ = {isa = PBXFileReference; fileEncoding = 4; lastKnownFileType = sourcecode.c.h; path = LOTLayer.h; sourceTree = "<group>"; };
		17E5B6C91E4E2048009C0D3C /* LOTLayer.m */ = {isa = PBXFileReference; fileEncoding = 4; lastKnownFileType = sourcecode.c.objc; path = LOTLayer.m; sourceTree = "<group>"; };
		17E5B6CA1E4E2048009C0D3C /* LOTLayerView.h */ = {isa = PBXFileReference; fileEncoding = 4; lastKnownFileType = sourcecode.c.h; path = LOTLayerView.h; sourceTree = "<group>"; };
		17E5B6CB1E4E2048009C0D3C /* LOTLayerView.m */ = {isa = PBXFileReference; fileEncoding = 4; lastKnownFileType = sourcecode.c.objc; path = LOTLayerView.m; sourceTree = "<group>"; };
		17E5B6CC1E4E2048009C0D3C /* LOTMask.h */ = {isa = PBXFileReference; fileEncoding = 4; lastKnownFileType = sourcecode.c.h; path = LOTMask.h; sourceTree = "<group>"; };
		17E5B6CD1E4E2048009C0D3C /* LOTMask.m */ = {isa = PBXFileReference; fileEncoding = 4; lastKnownFileType = sourcecode.c.objc; path = LOTMask.m; sourceTree = "<group>"; };
		17E5B6CE1E4E2048009C0D3C /* LOTMaskLayer.h */ = {isa = PBXFileReference; fileEncoding = 4; lastKnownFileType = sourcecode.c.h; path = LOTMaskLayer.h; sourceTree = "<group>"; };
		17E5B6CF1E4E2048009C0D3C /* LOTMaskLayer.m */ = {isa = PBXFileReference; fileEncoding = 4; lastKnownFileType = sourcecode.c.objc; path = LOTMaskLayer.m; sourceTree = "<group>"; };
		17E5B6D01E4E2048009C0D3C /* LOTModels.h */ = {isa = PBXFileReference; fileEncoding = 4; lastKnownFileType = sourcecode.c.h; path = LOTModels.h; sourceTree = "<group>"; };
		17E5B6D11E4E2048009C0D3C /* LOTRectShapeLayer.h */ = {isa = PBXFileReference; fileEncoding = 4; lastKnownFileType = sourcecode.c.h; path = LOTRectShapeLayer.h; sourceTree = "<group>"; };
		17E5B6D21E4E2048009C0D3C /* LOTRectShapeLayer.m */ = {isa = PBXFileReference; fileEncoding = 4; lastKnownFileType = sourcecode.c.objc; path = LOTRectShapeLayer.m; sourceTree = "<group>"; };
		17E5B6D31E4E2048009C0D3C /* LOTShapeCircle.h */ = {isa = PBXFileReference; fileEncoding = 4; lastKnownFileType = sourcecode.c.h; path = LOTShapeCircle.h; sourceTree = "<group>"; };
		17E5B6D41E4E2048009C0D3C /* LOTShapeCircle.m */ = {isa = PBXFileReference; fileEncoding = 4; lastKnownFileType = sourcecode.c.objc; path = LOTShapeCircle.m; sourceTree = "<group>"; };
		17E5B6D51E4E2048009C0D3C /* LOTShapeFill.h */ = {isa = PBXFileReference; fileEncoding = 4; lastKnownFileType = sourcecode.c.h; path = LOTShapeFill.h; sourceTree = "<group>"; };
		17E5B6D61E4E2048009C0D3C /* LOTShapeFill.m */ = {isa = PBXFileReference; fileEncoding = 4; lastKnownFileType = sourcecode.c.objc; path = LOTShapeFill.m; sourceTree = "<group>"; };
		17E5B6D71E4E2048009C0D3C /* LOTShapeGroup.h */ = {isa = PBXFileReference; fileEncoding = 4; lastKnownFileType = sourcecode.c.h; path = LOTShapeGroup.h; sourceTree = "<group>"; };
		17E5B6D81E4E2048009C0D3C /* LOTShapeGroup.m */ = {isa = PBXFileReference; fileEncoding = 4; lastKnownFileType = sourcecode.c.objc; path = LOTShapeGroup.m; sourceTree = "<group>"; };
		17E5B6D91E4E2048009C0D3C /* LOTShapeLayerView.h */ = {isa = PBXFileReference; fileEncoding = 4; lastKnownFileType = sourcecode.c.h; path = LOTShapeLayerView.h; sourceTree = "<group>"; };
		17E5B6DA1E4E2048009C0D3C /* LOTShapeLayerView.m */ = {isa = PBXFileReference; fileEncoding = 4; lastKnownFileType = sourcecode.c.objc; path = LOTShapeLayerView.m; sourceTree = "<group>"; };
		17E5B6DB1E4E2048009C0D3C /* LOTShapePath.h */ = {isa = PBXFileReference; fileEncoding = 4; lastKnownFileType = sourcecode.c.h; path = LOTShapePath.h; sourceTree = "<group>"; };
		17E5B6DC1E4E2048009C0D3C /* LOTShapePath.m */ = {isa = PBXFileReference; fileEncoding = 4; lastKnownFileType = sourcecode.c.objc; path = LOTShapePath.m; sourceTree = "<group>"; };
		17E5B6DD1E4E2048009C0D3C /* LOTShapeRectangle.h */ = {isa = PBXFileReference; fileEncoding = 4; lastKnownFileType = sourcecode.c.h; path = LOTShapeRectangle.h; sourceTree = "<group>"; };
		17E5B6DE1E4E2048009C0D3C /* LOTShapeRectangle.m */ = {isa = PBXFileReference; fileEncoding = 4; lastKnownFileType = sourcecode.c.objc; path = LOTShapeRectangle.m; sourceTree = "<group>"; };
		17E5B6DF1E4E2048009C0D3C /* LOTShapeStroke.h */ = {isa = PBXFileReference; fileEncoding = 4; lastKnownFileType = sourcecode.c.h; path = LOTShapeStroke.h; sourceTree = "<group>"; };
		17E5B6E01E4E2048009C0D3C /* LOTShapeStroke.m */ = {isa = PBXFileReference; fileEncoding = 4; lastKnownFileType = sourcecode.c.objc; path = LOTShapeStroke.m; sourceTree = "<group>"; };
		17E5B6E11E4E2048009C0D3C /* LOTShapeTransform.h */ = {isa = PBXFileReference; fileEncoding = 4; lastKnownFileType = sourcecode.c.h; path = LOTShapeTransform.h; sourceTree = "<group>"; };
		17E5B6E21E4E2048009C0D3C /* LOTShapeTransform.m */ = {isa = PBXFileReference; fileEncoding = 4; lastKnownFileType = sourcecode.c.objc; path = LOTShapeTransform.m; sourceTree = "<group>"; };
		17E5B6E31E4E2048009C0D3C /* LOTShapeTrimPath.h */ = {isa = PBXFileReference; fileEncoding = 4; lastKnownFileType = sourcecode.c.h; path = LOTShapeTrimPath.h; sourceTree = "<group>"; };
		17E5B6E41E4E2048009C0D3C /* LOTShapeTrimPath.m */ = {isa = PBXFileReference; fileEncoding = 4; lastKnownFileType = sourcecode.c.objc; path = LOTShapeTrimPath.m; sourceTree = "<group>"; };
		17E5B6E51E4E2048009C0D3C /* LOTStrokeShapeLayer.h */ = {isa = PBXFileReference; fileEncoding = 4; lastKnownFileType = sourcecode.c.h; path = LOTStrokeShapeLayer.h; sourceTree = "<group>"; };
		17E5B6E61E4E2048009C0D3C /* LOTStrokeShapeLayer.m */ = {isa = PBXFileReference; fileEncoding = 4; lastKnownFileType = sourcecode.c.objc; path = LOTStrokeShapeLayer.m; sourceTree = "<group>"; };
		17E5B6E71E4E2048009C0D3C /* Lottie.h */ = {isa = PBXFileReference; fileEncoding = 4; lastKnownFileType = sourcecode.c.h; path = Lottie.h; sourceTree = "<group>"; };
		17E5B6E81E4E2048009C0D3C /* UIColor+Expanded.h */ = {isa = PBXFileReference; fileEncoding = 4; lastKnownFileType = sourcecode.c.h; path = "UIColor+Expanded.h"; sourceTree = "<group>"; };
		17E5B6E91E4E2048009C0D3C /* UIColor+Expanded.m */ = {isa = PBXFileReference; fileEncoding = 4; lastKnownFileType = sourcecode.c.objc; path = "UIColor+Expanded.m"; sourceTree = "<group>"; };
		17E5B72E1E4E219B009C0D3C /* CADisplayLink.h */ = {isa = PBXFileReference; fileEncoding = 4; lastKnownFileType = sourcecode.c.h; path = CADisplayLink.h; sourceTree = "<group>"; };
		17E5B72F1E4E219B009C0D3C /* CADisplayLink.m */ = {isa = PBXFileReference; fileEncoding = 4; lastKnownFileType = sourcecode.c.objc; path = CADisplayLink.m; sourceTree = "<group>"; };
		17E5B7301E4E219B009C0D3C /* CALayer+Compat.h */ = {isa = PBXFileReference; fileEncoding = 4; lastKnownFileType = sourcecode.c.h; path = "CALayer+Compat.h"; sourceTree = "<group>"; };
		17E5B7311E4E219B009C0D3C /* CALayer+Compat.m */ = {isa = PBXFileReference; fileEncoding = 4; lastKnownFileType = sourcecode.c.objc; path = "CALayer+Compat.m"; sourceTree = "<group>"; };
		17E5B7321E4E219B009C0D3C /* LOTPlatformCompat.h */ = {isa = PBXFileReference; fileEncoding = 4; lastKnownFileType = sourcecode.c.h; path = LOTPlatformCompat.h; sourceTree = "<group>"; };
		17E5B7331E4E219B009C0D3C /* NSValue+Compat.h */ = {isa = PBXFileReference; fileEncoding = 4; lastKnownFileType = sourcecode.c.h; path = "NSValue+Compat.h"; sourceTree = "<group>"; };
		17E5B7341E4E219B009C0D3C /* NSValue+Compat.m */ = {isa = PBXFileReference; fileEncoding = 4; lastKnownFileType = sourcecode.c.objc; path = "NSValue+Compat.m"; sourceTree = "<group>"; };
		17E5B7351E4E219B009C0D3C /* UIBezierPath.h */ = {isa = PBXFileReference; fileEncoding = 4; lastKnownFileType = sourcecode.c.h; path = UIBezierPath.h; sourceTree = "<group>"; };
		17E5B7361E4E219B009C0D3C /* UIBezierPath.m */ = {isa = PBXFileReference; fileEncoding = 4; lastKnownFileType = sourcecode.c.objc; path = UIBezierPath.m; sourceTree = "<group>"; };
		17E5B7371E4E219B009C0D3C /* UIColor.h */ = {isa = PBXFileReference; fileEncoding = 4; lastKnownFileType = sourcecode.c.h; path = UIColor.h; sourceTree = "<group>"; };
		17E5B7381E4E219B009C0D3C /* UIColor.m */ = {isa = PBXFileReference; fileEncoding = 4; lastKnownFileType = sourcecode.c.objc; path = UIColor.m; sourceTree = "<group>"; };
		24DD6CF71134B3F500162E58 /* TiLottieModule.h */ = {isa = PBXFileReference; fileEncoding = 4; lastKnownFileType = sourcecode.c.h; name = TiLottieModule.h; path = Classes/TiLottieModule.h; sourceTree = "<group>"; };
		24DD6CF81134B3F500162E58 /* TiLottieModule.m */ = {isa = PBXFileReference; fileEncoding = 4; lastKnownFileType = sourcecode.c.objc; name = TiLottieModule.m; path = Classes/TiLottieModule.m; sourceTree = "<group>"; };
		24DD6D1B1134B66800162E58 /* titanium.xcconfig */ = {isa = PBXFileReference; fileEncoding = 4; lastKnownFileType = text.xcconfig; path = titanium.xcconfig; sourceTree = "<group>"; };
		24DE9E0F11C5FE74003F90F6 /* TiLottieModuleAssets.h */ = {isa = PBXFileReference; fileEncoding = 4; lastKnownFileType = sourcecode.c.h; name = TiLottieModuleAssets.h; path = Classes/TiLottieModuleAssets.h; sourceTree = "<group>"; };
		24DE9E1011C5FE74003F90F6 /* TiLottieModuleAssets.m */ = {isa = PBXFileReference; fileEncoding = 4; lastKnownFileType = sourcecode.c.objc; name = TiLottieModuleAssets.m; path = Classes/TiLottieModuleAssets.m; sourceTree = "<group>"; };
		AA747D9E0F9514B9006C5449 /* TiLottie_Prefix.pch */ = {isa = PBXFileReference; fileEncoding = 4; lastKnownFileType = sourcecode.c.h; path = TiLottie_Prefix.pch; sourceTree = SOURCE_ROOT; };
		AACBBE490F95108600F1A2B1 /* Foundation.framework */ = {isa = PBXFileReference; lastKnownFileType = wrapper.framework; name = Foundation.framework; path = System/Library/Frameworks/Foundation.framework; sourceTree = SDKROOT; };
		D2AAC07E0554694100DB518D /* libti.lottie.a */ = {isa = PBXFileReference; explicitFileType = archive.ar; includeInIndex = 0; path = libti.lottie.a; sourceTree = BUILT_PRODUCTS_DIR; };
		DBFA4FC11E42A3B3004DA6E3 /* LICENSE */ = {isa = PBXFileReference; lastKnownFileType = text; path = LICENSE; sourceTree = "<group>"; };
		DBFA50071E42A3B4004DA6E3 /* README.md */ = {isa = PBXFileReference; lastKnownFileType = net.daringfireball.markdown; path = README.md; sourceTree = "<group>"; };
		DBFA50081E42A52A004DA6E3 /* TiLottieVectorView.h */ = {isa = PBXFileReference; fileEncoding = 4; lastKnownFileType = sourcecode.c.h; name = TiLottieVectorView.h; path = Classes/TiLottieVectorView.h; sourceTree = "<group>"; };
		DBFA50091E42A52A004DA6E3 /* TiLottieVectorView.m */ = {isa = PBXFileReference; fileEncoding = 4; lastKnownFileType = sourcecode.c.objc; name = TiLottieVectorView.m; path = Classes/TiLottieVectorView.m; sourceTree = "<group>"; };
		DBFA500C1E42A53B004DA6E3 /* TiLottieVectorViewProxy.h */ = {isa = PBXFileReference; fileEncoding = 4; lastKnownFileType = sourcecode.c.h; name = TiLottieVectorViewProxy.h; path = Classes/TiLottieVectorViewProxy.h; sourceTree = "<group>"; };
		DBFA500D1E42A53B004DA6E3 /* TiLottieVectorViewProxy.m */ = {isa = PBXFileReference; fileEncoding = 4; lastKnownFileType = sourcecode.c.objc; name = TiLottieVectorViewProxy.m; path = Classes/TiLottieVectorViewProxy.m; sourceTree = "<group>"; };
/* End PBXFileReference section */

/* Begin PBXFrameworksBuildPhase section */
		D2AAC07C0554694100DB518D /* Frameworks */ = {
			isa = PBXFrameworksBuildPhase;
			buildActionMask = 2147483647;
			files = (
				AACBBE4A0F95108600F1A2B1 /* Foundation.framework in Frameworks */,
			);
			runOnlyForDeploymentPostprocessing = 0;
		};
/* End PBXFrameworksBuildPhase section */

/* Begin PBXGroup section */
		034768DFFF38A50411DB9C8B /* Products */ = {
			isa = PBXGroup;
			children = (
				D2AAC07E0554694100DB518D /* libti.lottie.a */,
			);
			name = Products;
			sourceTree = "<group>";
		};
		0867D691FE84028FC02AAC07 /* ti.lottie */ = {
			isa = PBXGroup;
			children = (
				08FB77AEFE84172EC02AAC07 /* Classes */,
				32C88DFF0371C24200C91783 /* Other Sources */,
				0867D69AFE84028FC02AAC07 /* Frameworks */,
				034768DFFF38A50411DB9C8B /* Products */,
			);
			name = ti.lottie;
			sourceTree = "<group>";
		};
		0867D69AFE84028FC02AAC07 /* Frameworks */ = {
			isa = PBXGroup;
			children = (
				AACBBE490F95108600F1A2B1 /* Foundation.framework */,
			);
			name = Frameworks;
			sourceTree = "<group>";
		};
		08FB77AEFE84172EC02AAC07 /* Classes */ = {
			isa = PBXGroup;
			children = (
				DBFA4FC01E42A3B3004DA6E3 /* lottie-ios */,
				DBFA50101E42A554004DA6E3 /* VectorView */,
				24DE9E0F11C5FE74003F90F6 /* TiLottieModuleAssets.h */,
				24DE9E1011C5FE74003F90F6 /* TiLottieModuleAssets.m */,
				24DD6CF71134B3F500162E58 /* TiLottieModule.h */,
				24DD6CF81134B3F500162E58 /* TiLottieModule.m */,
			);
			name = Classes;
			sourceTree = "<group>";
		};
		32C88DFF0371C24200C91783 /* Other Sources */ = {
			isa = PBXGroup;
			children = (
				AA747D9E0F9514B9006C5449 /* TiLottie_Prefix.pch */,
				24DD6D1B1134B66800162E58 /* titanium.xcconfig */,
			);
			name = "Other Sources";
			sourceTree = "<group>";
		};
		DBFA4FC01E42A3B3004DA6E3 /* lottie-ios */ = {
			isa = PBXGroup;
			children = (
				DBFA4FC11E42A3B3004DA6E3 /* LICENSE */,
				DBFA4FC21E42A3B3004DA6E3 /* Lottie */,
				DBFA4FC31E42A3B3004DA6E3 /* lottie-ios */,
				DBFA50071E42A3B4004DA6E3 /* README.md */,
			);
			name = "lottie-ios";
			path = "Classes/lottie-ios";
			sourceTree = "<group>";
		};
		DBFA4FC21E42A3B3004DA6E3 /* Lottie */ = {
			isa = PBXGroup;
			children = (
			);
			path = Lottie;
			sourceTree = "<group>";
		};
		DBFA4FC31E42A3B3004DA6E3 /* lottie-ios */ = {
			isa = PBXGroup;
			children = (
				DBFA4FC41E42A3B3004DA6E3 /* Classes */,
			);
			path = "lottie-ios";
			sourceTree = "<group>";
		};
		DBFA4FC41E42A3B3004DA6E3 /* Classes */ = {
			isa = PBXGroup;
			children = (
				17E5B72E1E4E219B009C0D3C /* CADisplayLink.h */,
				17E5B72F1E4E219B009C0D3C /* CADisplayLink.m */,
				17E5B7301E4E219B009C0D3C /* CALayer+Compat.h */,
				17E5B7311E4E219B009C0D3C /* CALayer+Compat.m */,
				17E5B7321E4E219B009C0D3C /* LOTPlatformCompat.h */,
				17E5B7331E4E219B009C0D3C /* NSValue+Compat.h */,
				17E5B7341E4E219B009C0D3C /* NSValue+Compat.m */,
				17E5B7351E4E219B009C0D3C /* UIBezierPath.h */,
				17E5B7361E4E219B009C0D3C /* UIBezierPath.m */,
				17E5B7371E4E219B009C0D3C /* UIColor.h */,
				17E5B7381E4E219B009C0D3C /* UIColor.m */,
				17E5B6A61E4E2048009C0D3C /* CAAnimationGroup+LOTAnimatableGroup.h */,
				17E5B6A71E4E2048009C0D3C /* CAAnimationGroup+LOTAnimatableGroup.m */,
				17E5B6A81E4E2048009C0D3C /* CGGeometryAdditions.h */,
				17E5B6A91E4E2048009C0D3C /* CGGeometryAdditions.m */,
				17E5B6AA1E4E2048009C0D3C /* LOTAnimatableBoundsValue.h */,
				17E5B6AB1E4E2048009C0D3C /* LOTAnimatableBoundsValue.m */,
				17E5B6AC1E4E2048009C0D3C /* LOTAnimatableColorValue.h */,
				17E5B6AD1E4E2048009C0D3C /* LOTAnimatableColorValue.m */,
				17E5B6AE1E4E2048009C0D3C /* LOTAnimatableLayer.h */,
				17E5B6AF1E4E2048009C0D3C /* LOTAnimatableLayer.m */,
				17E5B6B01E4E2048009C0D3C /* LOTAnimatableNumberValue.h */,
				17E5B6B11E4E2048009C0D3C /* LOTAnimatableNumberValue.m */,
				17E5B6B21E4E2048009C0D3C /* LOTAnimatablePointValue.h */,
				17E5B6B31E4E2048009C0D3C /* LOTAnimatablePointValue.m */,
				17E5B6B41E4E2048009C0D3C /* LOTAnimatableScaleValue.h */,
				17E5B6B51E4E2048009C0D3C /* LOTAnimatableScaleValue.m */,
				17E5B6B61E4E2048009C0D3C /* LOTAnimatableShapeValue.h */,
				17E5B6B71E4E2048009C0D3C /* LOTAnimatableShapeValue.m */,
				17E5B6B81E4E2048009C0D3C /* LOTAnimatableValue.h */,
				17E5B6B91E4E2048009C0D3C /* LOTAnimationCache.h */,
				17E5B6BA1E4E2048009C0D3C /* LOTAnimationCache.m */,
				17E5B6BB1E4E2048009C0D3C /* LOTAnimationTransitionController.h */,
				17E5B6BC1E4E2048009C0D3C /* LOTAnimationTransitionController.m */,
				17E5B6BD1E4E2048009C0D3C /* LOTAnimationView_Compat.h */,
				17E5B6BE1E4E2048009C0D3C /* LOTAnimationView_Internal.h */,
				17E5B6BF1E4E2048009C0D3C /* LOTAnimationView.h */,
				17E5B6C01E4E2048009C0D3C /* LOTAnimationView.m */,
				17E5B6C11E4E2048009C0D3C /* LOTComposition.h */,
				17E5B6C21E4E2048009C0D3C /* LOTComposition.m */,
				17E5B6C31E4E2048009C0D3C /* LOTEllipseShapeLayer.h */,
				17E5B6C41E4E2048009C0D3C /* LOTEllipseShapeLayer.m */,
				17E5B6C51E4E2048009C0D3C /* LOTGroupLayerView.h */,
				17E5B6C61E4E2048009C0D3C /* LOTGroupLayerView.m */,
				17E5B6C71E4E2048009C0D3C /* LOTHelpers.h */,
				17E5B6C81E4E2048009C0D3C /* LOTLayer.h */,
				17E5B6C91E4E2048009C0D3C /* LOTLayer.m */,
				17E5B6CA1E4E2048009C0D3C /* LOTLayerView.h */,
				17E5B6CB1E4E2048009C0D3C /* LOTLayerView.m */,
				17E5B6CC1E4E2048009C0D3C /* LOTMask.h */,
				17E5B6CD1E4E2048009C0D3C /* LOTMask.m */,
				17E5B6CE1E4E2048009C0D3C /* LOTMaskLayer.h */,
				17E5B6CF1E4E2048009C0D3C /* LOTMaskLayer.m */,
				17E5B6D01E4E2048009C0D3C /* LOTModels.h */,
				17E5B6D11E4E2048009C0D3C /* LOTRectShapeLayer.h */,
				17E5B6D21E4E2048009C0D3C /* LOTRectShapeLayer.m */,
				17E5B6D31E4E2048009C0D3C /* LOTShapeCircle.h */,
				17E5B6D41E4E2048009C0D3C /* LOTShapeCircle.m */,
				17E5B6D51E4E2048009C0D3C /* LOTShapeFill.h */,
				17E5B6D61E4E2048009C0D3C /* LOTShapeFill.m */,
				17E5B6D71E4E2048009C0D3C /* LOTShapeGroup.h */,
				17E5B6D81E4E2048009C0D3C /* LOTShapeGroup.m */,
				17E5B6D91E4E2048009C0D3C /* LOTShapeLayerView.h */,
				17E5B6DA1E4E2048009C0D3C /* LOTShapeLayerView.m */,
				17E5B6DB1E4E2048009C0D3C /* LOTShapePath.h */,
				17E5B6DC1E4E2048009C0D3C /* LOTShapePath.m */,
				17E5B6DD1E4E2048009C0D3C /* LOTShapeRectangle.h */,
				17E5B6DE1E4E2048009C0D3C /* LOTShapeRectangle.m */,
				17E5B6DF1E4E2048009C0D3C /* LOTShapeStroke.h */,
				17E5B6E01E4E2048009C0D3C /* LOTShapeStroke.m */,
				17E5B6E11E4E2048009C0D3C /* LOTShapeTransform.h */,
				17E5B6E21E4E2048009C0D3C /* LOTShapeTransform.m */,
				17E5B6E31E4E2048009C0D3C /* LOTShapeTrimPath.h */,
				17E5B6E41E4E2048009C0D3C /* LOTShapeTrimPath.m */,
				17E5B6E51E4E2048009C0D3C /* LOTStrokeShapeLayer.h */,
				17E5B6E61E4E2048009C0D3C /* LOTStrokeShapeLayer.m */,
				17E5B6E71E4E2048009C0D3C /* Lottie.h */,
				17E5B6E81E4E2048009C0D3C /* UIColor+Expanded.h */,
				17E5B6E91E4E2048009C0D3C /* UIColor+Expanded.m */,
			);
			path = Classes;
			sourceTree = "<group>";
		};
		DBFA50101E42A554004DA6E3 /* VectorView */ = {
			isa = PBXGroup;
			children = (
				DBFA50081E42A52A004DA6E3 /* TiLottieVectorView.h */,
				DBFA50091E42A52A004DA6E3 /* TiLottieVectorView.m */,
				DBFA500C1E42A53B004DA6E3 /* TiLottieVectorViewProxy.h */,
				DBFA500D1E42A53B004DA6E3 /* TiLottieVectorViewProxy.m */,
			);
			name = VectorView;
			sourceTree = "<group>";
		};
/* End PBXGroup section */

/* Begin PBXHeadersBuildPhase section */
		D2AAC07A0554694100DB518D /* Headers */ = {
			isa = PBXHeadersBuildPhase;
			buildActionMask = 2147483647;
			files = (
				17E5B7141E4E2048009C0D3C /* LOTModels.h in Headers */,
				17E5B73E1E4E219B009C0D3C /* NSValue+Compat.h in Headers */,
				17E5B7101E4E2048009C0D3C /* LOTMask.h in Headers */,
				17E5B73D1E4E219B009C0D3C /* LOTPlatformCompat.h in Headers */,
				17E5B7401E4E219B009C0D3C /* UIBezierPath.h in Headers */,
				17E5B6FC1E4E2048009C0D3C /* LOTAnimatableValue.h in Headers */,
				17E5B6F21E4E2048009C0D3C /* LOTAnimatableLayer.h in Headers */,
				DBFA500E1E42A53B004DA6E3 /* TiLottieVectorViewProxy.h in Headers */,
				17E5B6FA1E4E2048009C0D3C /* LOTAnimatableShapeValue.h in Headers */,
				DBFA500A1E42A52A004DA6E3 /* TiLottieVectorView.h in Headers */,
				17E5B7171E4E2048009C0D3C /* LOTShapeCircle.h in Headers */,
				17E5B71B1E4E2048009C0D3C /* LOTShapeGroup.h in Headers */,
				17E5B72B1E4E2048009C0D3C /* Lottie.h in Headers */,
				17E5B7071E4E2048009C0D3C /* LOTEllipseShapeLayer.h in Headers */,
				17E5B7021E4E2048009C0D3C /* LOTAnimationView_Internal.h in Headers */,
				17E5B7251E4E2048009C0D3C /* LOTShapeTransform.h in Headers */,
				17E5B71D1E4E2048009C0D3C /* LOTShapeLayerView.h in Headers */,
				17E5B7271E4E2048009C0D3C /* LOTShapeTrimPath.h in Headers */,
				17E5B7121E4E2048009C0D3C /* LOTMaskLayer.h in Headers */,
				17E5B7191E4E2048009C0D3C /* LOTShapeFill.h in Headers */,
				17E5B7211E4E2048009C0D3C /* LOTShapeRectangle.h in Headers */,
				AA747D9F0F9514B9006C5449 /* TiLottie_Prefix.pch in Headers */,
				24DD6CF91134B3F500162E58 /* TiLottieModule.h in Headers */,
				17E5B7151E4E2048009C0D3C /* LOTRectShapeLayer.h in Headers */,
				17E5B6F41E4E2048009C0D3C /* LOTAnimatableNumberValue.h in Headers */,
				24DE9E1111C5FE74003F90F6 /* TiLottieModuleAssets.h in Headers */,
				17E5B70C1E4E2048009C0D3C /* LOTLayer.h in Headers */,
				17E5B7391E4E219B009C0D3C /* CADisplayLink.h in Headers */,
				17E5B6EE1E4E2048009C0D3C /* LOTAnimatableBoundsValue.h in Headers */,
				17E5B70B1E4E2048009C0D3C /* LOTHelpers.h in Headers */,
				17E5B6EA1E4E2048009C0D3C /* CAAnimationGroup+LOTAnimatableGroup.h in Headers */,
				17E5B7091E4E2048009C0D3C /* LOTGroupLayerView.h in Headers */,
				17E5B6EC1E4E2048009C0D3C /* CGGeometryAdditions.h in Headers */,
				17E5B73B1E4E219B009C0D3C /* CALayer+Compat.h in Headers */,
				17E5B7051E4E2048009C0D3C /* LOTComposition.h in Headers */,
				17E5B7011E4E2048009C0D3C /* LOTAnimationView_Compat.h in Headers */,
				17E5B6FD1E4E2048009C0D3C /* LOTAnimationCache.h in Headers */,
				17E5B6F81E4E2048009C0D3C /* LOTAnimatableScaleValue.h in Headers */,
				17E5B7291E4E2048009C0D3C /* LOTStrokeShapeLayer.h in Headers */,
				17E5B71F1E4E2048009C0D3C /* LOTShapePath.h in Headers */,
				17E5B72C1E4E2049009C0D3C /* UIColor+Expanded.h in Headers */,
				17E5B6FF1E4E2048009C0D3C /* LOTAnimationTransitionController.h in Headers */,
				17E5B6F01E4E2048009C0D3C /* LOTAnimatableColorValue.h in Headers */,
				17E5B7031E4E2048009C0D3C /* LOTAnimationView.h in Headers */,
				17E5B7421E4E219B009C0D3C /* UIColor.h in Headers */,
				17E5B6F61E4E2048009C0D3C /* LOTAnimatablePointValue.h in Headers */,
				17E5B70E1E4E2048009C0D3C /* LOTLayerView.h in Headers */,
				17E5B7231E4E2048009C0D3C /* LOTShapeStroke.h in Headers */,
			);
			runOnlyForDeploymentPostprocessing = 0;
		};
/* End PBXHeadersBuildPhase section */

/* Begin PBXNativeTarget section */
		D2AAC07D0554694100DB518D /* ti.lottie */ = {
			isa = PBXNativeTarget;
			buildConfigurationList = 1DEB921E08733DC00010E9CD /* Build configuration list for PBXNativeTarget "ti.lottie" */;
			buildPhases = (
				D2AAC07A0554694100DB518D /* Headers */,
				D2AAC07B0554694100DB518D /* Sources */,
				D2AAC07C0554694100DB518D /* Frameworks */,
			);
			buildRules = (
			);
			dependencies = (
			);
			name = ti.lottie;
			productName = ti.lottie;
			productReference = D2AAC07E0554694100DB518D /* libti.lottie.a */;
			productType = "com.apple.product-type.library.static";
		};
/* End PBXNativeTarget section */

/* Begin PBXProject section */
		0867D690FE84028FC02AAC07 /* Project object */ = {
			isa = PBXProject;
			attributes = {
				LastUpgradeCheck = 0600;
			};
			buildConfigurationList = 1DEB922208733DC00010E9CD /* Build configuration list for PBXProject "ti.lottie" */;
			compatibilityVersion = "Xcode 3.2";
			developmentRegion = English;
			hasScannedForEncodings = 1;
			knownRegions = (
				English,
				Japanese,
				French,
				German,
			);
			mainGroup = 0867D691FE84028FC02AAC07 /* ti.lottie */;
			productRefGroup = 034768DFFF38A50411DB9C8B /* Products */;
			projectDirPath = "";
			projectRoot = "";
			targets = (
				D2AAC07D0554694100DB518D /* ti.lottie */,
				24416B8111C4CA220047AFDD /* Build & Test */,
			);
		};
/* End PBXProject section */

/* Begin PBXShellScriptBuildPhase section */
		24416B8011C4CA220047AFDD /* ShellScript */ = {
			isa = PBXShellScriptBuildPhase;
			buildActionMask = 2147483647;
			files = (
			);
			inputPaths = (
			);
			outputPaths = (
			);
			runOnlyForDeploymentPostprocessing = 0;
			shellPath = /bin/sh;
			shellScript = "# shell script goes here\n\npython \"${TITANIUM_SDK}/titanium.py\" run --dir=\"${PROJECT_DIR}\"\nexit $?\n";
		};
/* End PBXShellScriptBuildPhase section */

/* Begin PBXSourcesBuildPhase section */
		D2AAC07B0554694100DB518D /* Sources */ = {
			isa = PBXSourcesBuildPhase;
			buildActionMask = 2147483647;
			files = (
				24DD6CFA1134B3F500162E58 /* TiLottieModule.m in Sources */,
				17E5B70D1E4E2048009C0D3C /* LOTLayer.m in Sources */,
				17E5B6EB1E4E2048009C0D3C /* CAAnimationGroup+LOTAnimatableGroup.m in Sources */,
				17E5B6FB1E4E2048009C0D3C /* LOTAnimatableShapeValue.m in Sources */,
				17E5B7001E4E2048009C0D3C /* LOTAnimationTransitionController.m in Sources */,
				17E5B7281E4E2048009C0D3C /* LOTShapeTrimPath.m in Sources */,
				17E5B6F91E4E2048009C0D3C /* LOTAnimatableScaleValue.m in Sources */,
				17E5B6F51E4E2048009C0D3C /* LOTAnimatableNumberValue.m in Sources */,
				17E5B6EF1E4E2048009C0D3C /* LOTAnimatableBoundsValue.m in Sources */,
				17E5B7041E4E2048009C0D3C /* LOTAnimationView.m in Sources */,
				17E5B7201E4E2048009C0D3C /* LOTShapePath.m in Sources */,
				17E5B7261E4E2048009C0D3C /* LOTShapeTransform.m in Sources */,
				17E5B7161E4E2048009C0D3C /* LOTRectShapeLayer.m in Sources */,
				17E5B7221E4E2048009C0D3C /* LOTShapeRectangle.m in Sources */,
				17E5B70A1E4E2048009C0D3C /* LOTGroupLayerView.m in Sources */,
				17E5B7061E4E2048009C0D3C /* LOTComposition.m in Sources */,
				DBFA500B1E42A52A004DA6E3 /* TiLottieVectorView.m in Sources */,
				17E5B6FE1E4E2048009C0D3C /* LOTAnimationCache.m in Sources */,
				17E5B73F1E4E219B009C0D3C /* NSValue+Compat.m in Sources */,
				17E5B71C1E4E2048009C0D3C /* LOTShapeGroup.m in Sources */,
				17E5B72A1E4E2048009C0D3C /* LOTStrokeShapeLayer.m in Sources */,
				17E5B73C1E4E219B009C0D3C /* CALayer+Compat.m in Sources */,
				17E5B6F31E4E2048009C0D3C /* LOTAnimatableLayer.m in Sources */,
				17E5B7081E4E2048009C0D3C /* LOTEllipseShapeLayer.m in Sources */,
				17E5B73A1E4E219B009C0D3C /* CADisplayLink.m in Sources */,
				17E5B7411E4E219B009C0D3C /* UIBezierPath.m in Sources */,
				17E5B6F71E4E2048009C0D3C /* LOTAnimatablePointValue.m in Sources */,
				17E5B71E1E4E2048009C0D3C /* LOTShapeLayerView.m in Sources */,
				17E5B72D1E4E2049009C0D3C /* UIColor+Expanded.m in Sources */,
				17E5B7241E4E2048009C0D3C /* LOTShapeStroke.m in Sources */,
				17E5B70F1E4E2048009C0D3C /* LOTLayerView.m in Sources */,
				17E5B7111E4E2048009C0D3C /* LOTMask.m in Sources */,
				DBFA500F1E42A53B004DA6E3 /* TiLottieVectorViewProxy.m in Sources */,
				17E5B7431E4E219B009C0D3C /* UIColor.m in Sources */,
				17E5B71A1E4E2048009C0D3C /* LOTShapeFill.m in Sources */,
				17E5B7181E4E2048009C0D3C /* LOTShapeCircle.m in Sources */,
				17E5B6F11E4E2048009C0D3C /* LOTAnimatableColorValue.m in Sources */,
				24DE9E1211C5FE74003F90F6 /* TiLottieModuleAssets.m in Sources */,
				17E5B7131E4E2048009C0D3C /* LOTMaskLayer.m in Sources */,
				17E5B6ED1E4E2048009C0D3C /* CGGeometryAdditions.m in Sources */,
			);
			runOnlyForDeploymentPostprocessing = 0;
		};
/* End PBXSourcesBuildPhase section */

/* Begin PBXTargetDependency section */
		24416B8511C4CA280047AFDD /* PBXTargetDependency */ = {
			isa = PBXTargetDependency;
			target = D2AAC07D0554694100DB518D /* ti.lottie */;
			targetProxy = 24416B8411C4CA280047AFDD /* PBXContainerItemProxy */;
		};
/* End PBXTargetDependency section */

/* Begin XCBuildConfiguration section */
		1DEB921F08733DC00010E9CD /* Debug */ = {
			isa = XCBuildConfiguration;
			baseConfigurationReference = 24DD6D1B1134B66800162E58 /* titanium.xcconfig */;
			buildSettings = {
				CLANG_ENABLE_OBJC_ARC = YES;
				CODE_SIGN_IDENTITY = "iPhone Developer";
				"CODE_SIGN_IDENTITY[sdk=iphoneos*]" = "iPhone Developer";
				DSTROOT = /tmp/TiLottie.dst;
				GCC_C_LANGUAGE_STANDARD = gnu99;
				GCC_OPTIMIZATION_LEVEL = 0;
				GCC_PRECOMPILE_PREFIX_HEADER = YES;
				GCC_PREFIX_HEADER = TiLottie_Prefix.pch;
				GCC_PREPROCESSOR_DEFINITIONS = "TI_VERSION=$(TI_VERSION)";
				GCC_TREAT_WARNINGS_AS_ERRORS = NO;
				GCC_VERSION = "";
				GCC_WARN_ABOUT_RETURN_TYPE = NO;
				GCC_WARN_MISSING_PARENTHESES = NO;
				GCC_WARN_SHADOW = NO;
				GCC_WARN_STRICT_SELECTOR_MATCH = NO;
				GCC_WARN_UNUSED_FUNCTION = YES;
				GCC_WARN_UNUSED_PARAMETER = NO;
				GCC_WARN_UNUSED_VALUE = NO;
				GCC_WARN_UNUSED_VARIABLE = NO;
				INSTALL_PATH = /usr/local/lib;
				IPHONEOS_DEPLOYMENT_TARGET = 6.0;
				LIBRARY_SEARCH_PATHS = "";
				OTHER_CFLAGS = (
					"-DDEBUG",
					"-DTI_POST_1_2",
				);
				OTHER_LDFLAGS = (
					"-ObjC",
					"-U__STRICT_ANSI__",
				);
				PRODUCT_NAME = ti.lottie;
				PROVISIONING_PROFILE = "";
				"PROVISIONING_PROFILE[sdk=iphoneos*]" = "";
				RUN_CLANG_STATIC_ANALYZER = NO;
				SDKROOT = iphoneos;
				USER_HEADER_SEARCH_PATHS = "";
			};
			name = Debug;
		};
		1DEB922008733DC00010E9CD /* Release */ = {
			isa = XCBuildConfiguration;
			baseConfigurationReference = 24DD6D1B1134B66800162E58 /* titanium.xcconfig */;
			buildSettings = {
				ALWAYS_SEARCH_USER_PATHS = NO;
				CLANG_ENABLE_OBJC_ARC = YES;
				DSTROOT = /tmp/TiLottie.dst;
				GCC_C_LANGUAGE_STANDARD = gnu99;
				GCC_MODEL_TUNING = G5;
				GCC_PRECOMPILE_PREFIX_HEADER = YES;
				GCC_PREFIX_HEADER = TiLottie_Prefix.pch;
				GCC_PREPROCESSOR_DEFINITIONS = "TI_VERSION=$(TI_VERSION)";
				GCC_TREAT_WARNINGS_AS_ERRORS = NO;
				GCC_VERSION = "";
				GCC_WARN_ABOUT_RETURN_TYPE = NO;
				GCC_WARN_MISSING_PARENTHESES = NO;
				GCC_WARN_SHADOW = NO;
				GCC_WARN_STRICT_SELECTOR_MATCH = NO;
				GCC_WARN_UNUSED_FUNCTION = YES;
				GCC_WARN_UNUSED_PARAMETER = NO;
				GCC_WARN_UNUSED_VALUE = NO;
				GCC_WARN_UNUSED_VARIABLE = NO;
				INSTALL_PATH = /usr/local/lib;
				IPHONEOS_DEPLOYMENT_TARGET = 6.0;
				LIBRARY_SEARCH_PATHS = "";
				OTHER_CFLAGS = "-DTI_POST_1_2";
				OTHER_LDFLAGS = (
					"-ObjC",
					"-U__STRICT_ANSI__",
				);
				PRODUCT_NAME = ti.lottie;
				RUN_CLANG_STATIC_ANALYZER = NO;
				SDKROOT = iphoneos;
				USER_HEADER_SEARCH_PATHS = "";
			};
			name = Release;
		};
		1DEB922308733DC00010E9CD /* Debug */ = {
			isa = XCBuildConfiguration;
			baseConfigurationReference = 24DD6D1B1134B66800162E58 /* titanium.xcconfig */;
			buildSettings = {
				CLANG_CXX_LIBRARY = "libstdc++";
				CODE_SIGN_IDENTITY = "iPhone Developer";
				"CODE_SIGN_IDENTITY[sdk=iphoneos*]" = "iPhone Developer";
				DSTROOT = /tmp/TiLottie.dst;
				GCC_C_LANGUAGE_STANDARD = c99;
				GCC_OPTIMIZATION_LEVEL = 0;
				GCC_PRECOMPILE_PREFIX_HEADER = YES;
				GCC_PREFIX_HEADER = TiLottie_Prefix.pch;
				GCC_PREPROCESSOR_DEFINITIONS = "TI_VERSION=$(TI_VERSION)";
				GCC_TREAT_WARNINGS_AS_ERRORS = NO;
				GCC_VERSION = "";
				GCC_WARN_ABOUT_RETURN_TYPE = NO;
				GCC_WARN_MISSING_PARENTHESES = NO;
				GCC_WARN_SHADOW = NO;
				GCC_WARN_STRICT_SELECTOR_MATCH = NO;
				GCC_WARN_UNUSED_FUNCTION = YES;
				GCC_WARN_UNUSED_PARAMETER = NO;
				GCC_WARN_UNUSED_VALUE = NO;
				GCC_WARN_UNUSED_VARIABLE = NO;
				INSTALL_PATH = /usr/local/lib;
				ONLY_ACTIVE_ARCH = YES;
				OTHER_CFLAGS = (
					"-DDEBUG",
					"-DTI_POST_1_2",
				);
				OTHER_LDFLAGS = "-ObjC";
				PRODUCT_NAME = ti.lottie;
				PROVISIONING_PROFILE = "";
				"PROVISIONING_PROFILE[sdk=iphoneos*]" = "";
				RUN_CLANG_STATIC_ANALYZER = NO;
				SDKROOT = iphoneos;
				USER_HEADER_SEARCH_PATHS = "";
			};
			name = Debug;
		};
		1DEB922408733DC00010E9CD /* Release */ = {
			isa = XCBuildConfiguration;
			baseConfigurationReference = 24DD6D1B1134B66800162E58 /* titanium.xcconfig */;
			buildSettings = {
				ALWAYS_SEARCH_USER_PATHS = NO;
				CLANG_CXX_LIBRARY = "libstdc++";
				DSTROOT = /tmp/TiLottie.dst;
				GCC_C_LANGUAGE_STANDARD = c99;
				GCC_MODEL_TUNING = G5;
				GCC_PRECOMPILE_PREFIX_HEADER = YES;
				GCC_PREFIX_HEADER = TiLottie_Prefix.pch;
				GCC_PREPROCESSOR_DEFINITIONS = "TI_VERSION=$(TI_VERSION)";
				GCC_TREAT_WARNINGS_AS_ERRORS = NO;
				GCC_VERSION = "";
				GCC_WARN_ABOUT_RETURN_TYPE = NO;
				GCC_WARN_MISSING_PARENTHESES = NO;
				GCC_WARN_SHADOW = NO;
				GCC_WARN_STRICT_SELECTOR_MATCH = NO;
				GCC_WARN_UNUSED_FUNCTION = YES;
				GCC_WARN_UNUSED_PARAMETER = NO;
				GCC_WARN_UNUSED_VALUE = NO;
				GCC_WARN_UNUSED_VARIABLE = NO;
				INSTALL_PATH = /usr/local/lib;
				IPHONEOS_DEPLOYMENT_TARGET = 6.0;
				OTHER_CFLAGS = "-DTI_POST_1_2";
				OTHER_LDFLAGS = "-ObjC";
				PRODUCT_NAME = ti.lottie;
				RUN_CLANG_STATIC_ANALYZER = NO;
				SDKROOT = iphoneos;
				USER_HEADER_SEARCH_PATHS = "";
			};
			name = Release;
		};
		24416B8211C4CA220047AFDD /* Debug */ = {
			isa = XCBuildConfiguration;
			baseConfigurationReference = 24DD6D1B1134B66800162E58 /* titanium.xcconfig */;
			buildSettings = {
				COPY_PHASE_STRIP = NO;
				GCC_DYNAMIC_NO_PIC = NO;
				GCC_OPTIMIZATION_LEVEL = 0;
				PRODUCT_NAME = "Build & test";
			};
			name = Debug;
		};
		24416B8311C4CA220047AFDD /* Release */ = {
			isa = XCBuildConfiguration;
			baseConfigurationReference = 24DD6D1B1134B66800162E58 /* titanium.xcconfig */;
			buildSettings = {
				COPY_PHASE_STRIP = YES;
				DEBUG_INFORMATION_FORMAT = "dwarf-with-dsym";
				GCC_ENABLE_FIX_AND_CONTINUE = NO;
				PRODUCT_NAME = "Build & test";
				ZERO_LINK = NO;
			};
			name = Release;
		};
/* End XCBuildConfiguration section */

/* Begin XCConfigurationList section */
		1DEB921E08733DC00010E9CD /* Build configuration list for PBXNativeTarget "ti.lottie" */ = {
			isa = XCConfigurationList;
			buildConfigurations = (
				1DEB921F08733DC00010E9CD /* Debug */,
				1DEB922008733DC00010E9CD /* Release */,
			);
			defaultConfigurationIsVisible = 0;
			defaultConfigurationName = Release;
		};
		1DEB922208733DC00010E9CD /* Build configuration list for PBXProject "ti.lottie" */ = {
			isa = XCConfigurationList;
			buildConfigurations = (
				1DEB922308733DC00010E9CD /* Debug */,
				1DEB922408733DC00010E9CD /* Release */,
			);
			defaultConfigurationIsVisible = 0;
			defaultConfigurationName = Release;
		};
		24416B8A11C4CA520047AFDD /* Build configuration list for PBXAggregateTarget "Build & Test" */ = {
			isa = XCConfigurationList;
			buildConfigurations = (
				24416B8211C4CA220047AFDD /* Debug */,
				24416B8311C4CA220047AFDD /* Release */,
			);
			defaultConfigurationIsVisible = 0;
			defaultConfigurationName = Release;
		};
/* End XCConfigurationList section */
	};
	rootObject = 0867D690FE84028FC02AAC07 /* Project object */;
}
